
Microsoft Visual Studio Solution File, Format Version 12.00
Project("{FAE04EC0-301F-11D3-BF4B-00C04F79EFBC}") = "Domain", "Domain\Domain.csproj", "{37346213-6941-4518-B45C-08850A7F1609}"
EndProject
Project("{FAE04EC0-301F-11D3-BF4B-00C04F79EFBC}") = "WebAPI", "WebAPI\WebAPI.csproj", "{DFA7E148-3F97-4131-9C9D-BB4A30A8EB92}"
EndProject
Project("{FAE04EC0-301F-11D3-BF4B-00C04F79EFBC}") = "Application", "Application\Application.csproj", "{3AB3C529-64BA-4CD2-B74B-80C9F0CD9D6B}"
EndProject
Project("{FAE04EC0-301F-11D3-BF4B-00C04F79EFBC}") = "FileData", "FileData\FileData.csproj", "{E580B65B-FD48-487E-BCF2-4F551DD5127D}"
EndProject
Project("{FAE04EC0-301F-11D3-BF4B-00C04F79EFBC}") = "BlazorHandIn", "BlazorHandIn\BlazorHandIn.csproj", "{C5F3C3C3-2797-4D04-A575-1EED10D90750}"
EndProject
Project("{FAE04EC0-301F-11D3-BF4B-00C04F79EFBC}") = "HttpClients", "HttpClients\HttpClients.csproj", "{F537B7CD-0920-41A0-A091-AC00F15F871F}"
EndProject
Global
	GlobalSection(SolutionConfigurationPlatforms) = preSolution
		Debug|Any CPU = Debug|Any CPU
		Release|Any CPU = Release|Any CPU
	EndGlobalSection
	GlobalSection(ProjectConfigurationPlatforms) = postSolution
		{37346213-6941-4518-B45C-08850A7F1609}.Debug|Any CPU.ActiveCfg = Debug|Any CPU
		{37346213-6941-4518-B45C-08850A7F1609}.Debug|Any CPU.Build.0 = Debug|Any CPU
		{37346213-6941-4518-B45C-08850A7F1609}.Release|Any CPU.ActiveCfg = Release|Any CPU
		{37346213-6941-4518-B45C-08850A7F1609}.Release|Any CPU.Build.0 = Release|Any CPU
		{DFA7E148-3F97-4131-9C9D-BB4A30A8EB92}.Debug|Any CPU.ActiveCfg = Debug|Any CPU
		{DFA7E148-3F97-4131-9C9D-BB4A30A8EB92}.Debug|Any CPU.Build.0 = Debug|Any CPU
		{DFA7E148-3F97-4131-9C9D-BB4A30A8EB92}.Release|Any CPU.ActiveCfg = Release|Any CPU
		{DFA7E148-3F97-4131-9C9D-BB4A30A8EB92}.Release|Any CPU.Build.0 = Release|Any CPU
		{3AB3C529-64BA-4CD2-B74B-80C9F0CD9D6B}.Debug|Any CPU.ActiveCfg = Debug|Any CPU
		{3AB3C529-64BA-4CD2-B74B-80C9F0CD9D6B}.Debug|Any CPU.Build.0 = Debug|Any CPU
		{3AB3C529-64BA-4CD2-B74B-80C9F0CD9D6B}.Release|Any CPU.ActiveCfg = Release|Any CPU
		{3AB3C529-64BA-4CD2-B74B-80C9F0CD9D6B}.Release|Any CPU.Build.0 = Release|Any CPU
		{E580B65B-FD48-487E-BCF2-4F551DD5127D}.Debug|Any CPU.ActiveCfg = Debug|Any CPU
		{E580B65B-FD48-487E-BCF2-4F551DD5127D}.Debug|Any CPU.Build.0 = Debug|Any CPU
		{E580B65B-FD48-487E-BCF2-4F551DD5127D}.Release|Any CPU.ActiveCfg = Release|Any CPU
		{E580B65B-FD48-487E-BCF2-4F551DD5127D}.Release|Any CPU.Build.0 = Release|Any CPU
		{C5F3C3C3-2797-4D04-A575-1EED10D90750}.Debug|Any CPU.ActiveCfg = Debug|Any CPU
		{C5F3C3C3-2797-4D04-A575-1EED10D90750}.Debug|Any CPU.Build.0 = Debug|Any CPU
		{C5F3C3C3-2797-4D04-A575-1EED10D90750}.Release|Any CPU.ActiveCfg = Release|Any CPU
		{C5F3C3C3-2797-4D04-A575-1EED10D90750}.Release|Any CPU.Build.0 = Release|Any CPU
		{F537B7CD-0920-41A0-A091-AC00F15F871F}.Debug|Any CPU.ActiveCfg = Debug|Any CPU
		{F537B7CD-0920-41A0-A091-AC00F15F871F}.Debug|Any CPU.Build.0 = Debug|Any CPU
		{F537B7CD-0920-41A0-A091-AC00F15F871F}.Release|Any CPU.ActiveCfg = Release|Any CPU
		{F537B7CD-0920-41A0-A091-AC00F15F871F}.Release|Any CPU.Build.0 = Release|Any CPU
	EndGlobalSection
EndGlobal
